// !$*UTF8*$!
{
	archiveVersion = 1;
	classes = {
	};
	objectVersion = 55;
	objects = {

/* Begin PBXBuildFile section */
		8D8DEF8328D44B9D004CF891 /* new.gpx in Resources */ = {isa = PBXBuildFile; fileRef = 8D8DEF8128D44B9D004CF891 /* new.gpx */; };
		8D8DEF8428D44B9D004CF891 /* test.gpx in Resources */ = {isa = PBXBuildFile; fileRef = 8D8DEF8228D44B9D004CF891 /* test.gpx */; };
		8D8DEF8828D4558A004CF891 /* KurparkNeu.gpx in Resources */ = {isa = PBXBuildFile; fileRef = 8D8DEF8728D4558A004CF891 /* KurparkNeu.gpx */; };
		8D8DEF8A28D456A0004CF891 /* Kurpark.xml in Resources */ = {isa = PBXBuildFile; fileRef = 8D8DEF8928D456A0004CF891 /* Kurpark.xml */; };
		8DDB099E28CF228100813C80 /* AppDelegate.swift in Sources */ = {isa = PBXBuildFile; fileRef = 8DDB099D28CF228100813C80 /* AppDelegate.swift */; };
		8DDB09A028CF228100813C80 /* SceneDelegate.swift in Sources */ = {isa = PBXBuildFile; fileRef = 8DDB099F28CF228100813C80 /* SceneDelegate.swift */; };
		8DDB09A228CF228100813C80 /* ContentView.swift in Sources */ = {isa = PBXBuildFile; fileRef = 8DDB09A128CF228100813C80 /* ContentView.swift */; };
		8DDB09A428CF228500813C80 /* Assets.xcassets in Resources */ = {isa = PBXBuildFile; fileRef = 8DDB09A328CF228500813C80 /* Assets.xcassets */; };
		8DDB09A728CF228500813C80 /* Preview Assets.xcassets in Resources */ = {isa = PBXBuildFile; fileRef = 8DDB09A628CF228500813C80 /* Preview Assets.xcassets */; };
		8DDB09AA28CF228500813C80 /* LaunchScreen.storyboard in Resources */ = {isa = PBXBuildFile; fileRef = 8DDB09A828CF228500813C80 /* LaunchScreen.storyboard */; };
		8DDB09B528CF228600813C80 /* NicosTestUITests.swift in Sources */ = {isa = PBXBuildFile; fileRef = 8DDB09B428CF228600813C80 /* NicosTestUITests.swift */; };
		8DF0498F28D47363000BF098 /* CustPoint_MaerchenPark.gpx in Resources */ = {isa = PBXBuildFile; fileRef = 8DF0498E28D47363000BF098 /* CustPoint_MaerchenPark.gpx */; };
		8DF0499028D47363000BF098 /* CustPoint_MaerchenPark.gpx in Resources */ = {isa = PBXBuildFile; fileRef = 8DF0498E28D47363000BF098 /* CustPoint_MaerchenPark.gpx */; };
		D62E633849BFF3F3D9E27FA8 /* README.md in Sources */ = {isa = PBXBuildFile; fileRef = D62E6FC3C8E49D594B8896EE /* README.md */; };
		D62E63C681C70998126D718C /* Arzt_Funke_Dingel.gpx in Resources */ = {isa = PBXBuildFile; fileRef = D62E67250431FAE7C87522CB /* Arzt_Funke_Dingel.gpx */; };
		D62E6632C89DDCB009B63C1E /* CustPoint_Kurpark.gpx in Resources */ = {isa = PBXBuildFile; fileRef = D62E68A7710FA5AD5DF8CCDF /* CustPoint_Kurpark.gpx */; };
		D62E6A0A60CC87CFB2B99D50 /* Dingel1.gpx in Resources */ = {isa = PBXBuildFile; fileRef = D62E67C616CF81B202D5CCAD /* Dingel1.gpx */; };
		D62E6B0B546816A6B7559340 /* Arzt_Funke_Dingel.gpx in Resources */ = {isa = PBXBuildFile; fileRef = D62E67250431FAE7C87522CB /* Arzt_Funke_Dingel.gpx */; };
		D62E6C14C48C8709176F7031 /* Anger_Dingel.gpx in Resources */ = {isa = PBXBuildFile; fileRef = D62E6B31FB31C666BF42F2B1 /* Anger_Dingel.gpx */; };
		D62E6CA932DEA1E0F0BD364F /* Anger_Dingel.gpx in Resources */ = {isa = PBXBuildFile; fileRef = D62E6B31FB31C666BF42F2B1 /* Anger_Dingel.gpx */; };
		D62E6E1C7BF050C2A078DBAE /* KurPark_klein_5h30m.gpx in Resources */ = {isa = PBXBuildFile; fileRef = D62E6E8046EF3037A67EC3BA /* KurPark_klein_5h30m.gpx */; };
		D62E6E5DC5E703EF253B1267 /* CustPoint_Kurpark.gpx in Resources */ = {isa = PBXBuildFile; fileRef = D62E68A7710FA5AD5DF8CCDF /* CustPoint_Kurpark.gpx */; };
/* End PBXBuildFile section */

/* Begin PBXContainerItemProxy section */
		8DDB09B128CF228600813C80 /* PBXContainerItemProxy */ = {
			isa = PBXContainerItemProxy;
			containerPortal = 8DDB099228CF228100813C80 /* Project object */;
			proxyType = 1;
			remoteGlobalIDString = 8DDB099928CF228100813C80;
			remoteInfo = NicosTest;
		};
/* End PBXContainerItemProxy section */

/* Begin PBXFileReference section */
		8D8DEF8128D44B9D004CF891 /* new.gpx */ = {isa = PBXFileReference; fileEncoding = 4; lastKnownFileType = text.xml; path = new.gpx; sourceTree = "<group>"; };
		8D8DEF8228D44B9D004CF891 /* test.gpx */ = {isa = PBXFileReference; fileEncoding = 4; lastKnownFileType = text.xml; path = test.gpx; sourceTree = "<group>"; };
		8D8DEF8728D4558A004CF891 /* KurparkNeu.gpx */ = {isa = PBXFileReference; lastKnownFileType = text.xml; path = KurparkNeu.gpx; sourceTree = "<group>"; };
		8D8DEF8928D456A0004CF891 /* Kurpark.xml */ = {isa = PBXFileReference; fileEncoding = 4; lastKnownFileType = text.xml; path = Kurpark.xml; sourceTree = "<group>"; };
		8DDB099A28CF228100813C80 /* NicosTest.app */ = {isa = PBXFileReference; explicitFileType = wrapper.application; includeInIndex = 0; path = NicosTest.app; sourceTree = BUILT_PRODUCTS_DIR; };
		8DDB099D28CF228100813C80 /* AppDelegate.swift */ = {isa = PBXFileReference; lastKnownFileType = sourcecode.swift; path = AppDelegate.swift; sourceTree = "<group>"; };
		8DDB099F28CF228100813C80 /* SceneDelegate.swift */ = {isa = PBXFileReference; lastKnownFileType = sourcecode.swift; path = SceneDelegate.swift; sourceTree = "<group>"; };
		8DDB09A128CF228100813C80 /* ContentView.swift */ = {isa = PBXFileReference; lastKnownFileType = sourcecode.swift; path = ContentView.swift; sourceTree = "<group>"; };
		8DDB09A328CF228500813C80 /* Assets.xcassets */ = {isa = PBXFileReference; lastKnownFileType = folder.assetcatalog; path = Assets.xcassets; sourceTree = "<group>"; };
		8DDB09A628CF228500813C80 /* Preview Assets.xcassets */ = {isa = PBXFileReference; lastKnownFileType = folder.assetcatalog; path = "Preview Assets.xcassets"; sourceTree = "<group>"; };
		8DDB09A928CF228500813C80 /* Base */ = {isa = PBXFileReference; lastKnownFileType = file.storyboard; name = Base; path = Base.lproj/LaunchScreen.storyboard; sourceTree = "<group>"; };
		8DDB09AB28CF228500813C80 /* Info.plist */ = {isa = PBXFileReference; lastKnownFileType = text.plist.xml; path = Info.plist; sourceTree = "<group>"; };
		8DDB09B028CF228600813C80 /* NicosTestUITests.xctest */ = {isa = PBXFileReference; explicitFileType = wrapper.cfbundle; includeInIndex = 0; path = NicosTestUITests.xctest; sourceTree = BUILT_PRODUCTS_DIR; };
		8DDB09B428CF228600813C80 /* NicosTestUITests.swift */ = {isa = PBXFileReference; lastKnownFileType = sourcecode.swift; path = NicosTestUITests.swift; sourceTree = "<group>"; };
		8DDB09B628CF228600813C80 /* Info.plist */ = {isa = PBXFileReference; lastKnownFileType = text.plist.xml; path = Info.plist; sourceTree = "<group>"; };
		8DF0498E28D47363000BF098 /* CustPoint_MaerchenPark.gpx */ = {isa = PBXFileReference; lastKnownFileType = file.gpx; path = CustPoint_MaerchenPark.gpx; sourceTree = "<group>"; };
		D62E67250431FAE7C87522CB /* Arzt_Funke_Dingel.gpx */ = {isa = PBXFileReference; lastKnownFileType = file.gpx; path = Arzt_Funke_Dingel.gpx; sourceTree = "<group>"; };
		D62E67C616CF81B202D5CCAD /* Dingel1.gpx */ = {isa = PBXFileReference; lastKnownFileType = file.gpx; path = Dingel1.gpx; sourceTree = "<group>"; };
		D62E68A7710FA5AD5DF8CCDF /* CustPoint_Kurpark.gpx */ = {isa = PBXFileReference; lastKnownFileType = file.gpx; path = CustPoint_Kurpark.gpx; sourceTree = "<group>"; };
		D62E6B31FB31C666BF42F2B1 /* Anger_Dingel.gpx */ = {isa = PBXFileReference; lastKnownFileType = file.gpx; path = Anger_Dingel.gpx; sourceTree = "<group>"; };
		D62E6E8046EF3037A67EC3BA /* KurPark_klein_5h30m.gpx */ = {isa = PBXFileReference; lastKnownFileType = file.gpx; path = KurPark_klein_5h30m.gpx; sourceTree = "<group>"; };
		D62E6FC3C8E49D594B8896EE /* README.md */ = {isa = PBXFileReference; fileEncoding = 4; lastKnownFileType = net.daringfireball.markdown; path = README.md; sourceTree = "<group>"; };
/* End PBXFileReference section */

/* Begin PBXFrameworksBuildPhase section */
		8DDB099728CF228100813C80 /* Frameworks */ = {
			isa = PBXFrameworksBuildPhase;
			buildActionMask = 2147483647;
			files = (
			);
			runOnlyForDeploymentPostprocessing = 0;
		};
		8DDB09AD28CF228600813C80 /* Frameworks */ = {
			isa = PBXFrameworksBuildPhase;
			buildActionMask = 2147483647;
			files = (
			);
			runOnlyForDeploymentPostprocessing = 0;
		};
/* End PBXFrameworksBuildPhase section */

/* Begin PBXGroup section */
		8DDB099128CF228100813C80 = {
			isa = PBXGroup;
			children = (
				8DDB099C28CF228100813C80 /* NicosTest */,
				8DDB09B328CF228600813C80 /* NicosTestUITests */,
				8DDB099B28CF228100813C80 /* Products */,
				D62E6FC3C8E49D594B8896EE /* README.md */,
			);
			sourceTree = "<group>";
		};
		8DDB099B28CF228100813C80 /* Products */ = {
			isa = PBXGroup;
			children = (
				8DDB099A28CF228100813C80 /* NicosTest.app */,
				8DDB09B028CF228600813C80 /* NicosTestUITests.xctest */,
			);
			name = Products;
			sourceTree = "<group>";
		};
		8DDB099C28CF228100813C80 /* NicosTest */ = {
			isa = PBXGroup;
			children = (
				8D8DEF8728D4558A004CF891 /* KurparkNeu.gpx */,
				8D8DEF8928D456A0004CF891 /* Kurpark.xml */,
				8D8DEF8128D44B9D004CF891 /* new.gpx */,
				8D8DEF8228D44B9D004CF891 /* test.gpx */,
				8DDB099D28CF228100813C80 /* AppDelegate.swift */,
				8DDB099F28CF228100813C80 /* SceneDelegate.swift */,
				8DDB09A128CF228100813C80 /* ContentView.swift */,
				8DDB09A328CF228500813C80 /* Assets.xcassets */,
				8DDB09A828CF228500813C80 /* LaunchScreen.storyboard */,
				8DDB09AB28CF228500813C80 /* Info.plist */,
				8DDB09A528CF228500813C80 /* Preview Content */,
				8DF0498E28D47363000BF098 /* CustPoint_MaerchenPark.gpx */,
				D62E68A7710FA5AD5DF8CCDF /* CustPoint_Kurpark.gpx */,
				D62E67C616CF81B202D5CCAD /* Dingel1.gpx */,
				D62E6B31FB31C666BF42F2B1 /* Anger_Dingel.gpx */,
				D62E67250431FAE7C87522CB /* Arzt_Funke_Dingel.gpx */,
				D62E6E8046EF3037A67EC3BA /* KurPark_klein_5h30m.gpx */,
			);
			path = NicosTest;
			sourceTree = "<group>";
		};
		8DDB09A528CF228500813C80 /* Preview Content */ = {
			isa = PBXGroup;
			children = (
				8DDB09A628CF228500813C80 /* Preview Assets.xcassets */,
			);
			path = "Preview Content";
			sourceTree = "<group>";
		};
		8DDB09B328CF228600813C80 /* NicosTestUITests */ = {
			isa = PBXGroup;
			children = (
				8DDB09B428CF228600813C80 /* NicosTestUITests.swift */,
				8DDB09B628CF228600813C80 /* Info.plist */,
			);
			path = NicosTestUITests;
			sourceTree = "<group>";
		};
/* End PBXGroup section */

/* Begin PBXNativeTarget section */
		8DDB099928CF228100813C80 /* NicosTest */ = {
			isa = PBXNativeTarget;
			buildConfigurationList = 8DDB09B928CF228600813C80 /* Build configuration list for PBXNativeTarget "NicosTest" */;
			buildPhases = (
				8DDB099628CF228100813C80 /* Sources */,
				8DDB099728CF228100813C80 /* Frameworks */,
				8DDB099828CF228100813C80 /* Resources */,
			);
			buildRules = (
			);
			dependencies = (
			);
			name = NicosTest;
			productName = NicosTest;
			productReference = 8DDB099A28CF228100813C80 /* NicosTest.app */;
			productType = "com.apple.product-type.application";
		};
		8DDB09AF28CF228600813C80 /* NicosTestUITests */ = {
			isa = PBXNativeTarget;
			buildConfigurationList = 8DDB09BC28CF228600813C80 /* Build configuration list for PBXNativeTarget "NicosTestUITests" */;
			buildPhases = (
				8DDB09AC28CF228600813C80 /* Sources */,
				8DDB09AD28CF228600813C80 /* Frameworks */,
				8DDB09AE28CF228600813C80 /* Resources */,
			);
			buildRules = (
			);
			dependencies = (
				8DDB09B228CF228600813C80 /* PBXTargetDependency */,
			);
			name = NicosTestUITests;
			productName = NicosTestUITests;
			productReference = 8DDB09B028CF228600813C80 /* NicosTestUITests.xctest */;
			productType = "com.apple.product-type.bundle.ui-testing";
		};
/* End PBXNativeTarget section */

/* Begin PBXProject section */
		8DDB099228CF228100813C80 /* Project object */ = {
			isa = PBXProject;
			attributes = {
				LastSwiftUpdateCheck = 1130;
				LastUpgradeCheck = 1130;
				ORGANIZATIONNAME = "Nicolas Schäfer";
				TargetAttributes = {
					8DDB099928CF228100813C80 = {
						CreatedOnToolsVersion = 11.3.1;
					};
					8DDB09AF28CF228600813C80 = {
						CreatedOnToolsVersion = 11.3.1;
						TestTargetID = 8DDB099928CF228100813C80;
					};
				};
			};
			buildConfigurationList = 8DDB099528CF228100813C80 /* Build configuration list for PBXProject "NicosTest" */;
			compatibilityVersion = "Xcode 13.0";
			developmentRegion = en;
			hasScannedForEncodings = 0;
			knownRegions = (
				en,
				Base,
			);
			mainGroup = 8DDB099128CF228100813C80;
			productRefGroup = 8DDB099B28CF228100813C80 /* Products */;
			projectDirPath = "";
			projectRoot = "";
			targets = (
				8DDB099928CF228100813C80 /* NicosTest */,
				8DDB09AF28CF228600813C80 /* NicosTestUITests */,
			);
		};
/* End PBXProject section */

/* Begin PBXResourcesBuildPhase section */
		8DDB099828CF228100813C80 /* Resources */ = {
			isa = PBXResourcesBuildPhase;
			buildActionMask = 2147483647;
			files = (
				8DDB09AA28CF228500813C80 /* LaunchScreen.storyboard in Resources */,
				8D8DEF8A28D456A0004CF891 /* Kurpark.xml in Resources */,
				8D8DEF8428D44B9D004CF891 /* test.gpx in Resources */,
				8DDB09A728CF228500813C80 /* Preview Assets.xcassets in Resources */,
				8D8DEF8328D44B9D004CF891 /* new.gpx in Resources */,
				8DF0498F28D47363000BF098 /* CustPoint_MaerchenPark.gpx in Resources */,
				8DDB09A428CF228500813C80 /* Assets.xcassets in Resources */,
				8D8DEF8828D4558A004CF891 /* KurparkNeu.gpx in Resources */,
				D62E6632C89DDCB009B63C1E /* CustPoint_Kurpark.gpx in Resources */,
				D62E6A0A60CC87CFB2B99D50 /* Dingel1.gpx in Resources */,
				D62E6CA932DEA1E0F0BD364F /* Anger_Dingel.gpx in Resources */,
				D62E63C681C70998126D718C /* Arzt_Funke_Dingel.gpx in Resources */,
				D62E6E1C7BF050C2A078DBAE /* KurPark_klein_5h30m.gpx in Resources */,
			);
			runOnlyForDeploymentPostprocessing = 0;
		};
		8DDB09AE28CF228600813C80 /* Resources */ = {
			isa = PBXResourcesBuildPhase;
			buildActionMask = 2147483647;
			files = (
				8DF0499028D47363000BF098 /* CustPoint_MaerchenPark.gpx in Resources */,
				D62E6E5DC5E703EF253B1267 /* CustPoint_Kurpark.gpx in Resources */,
				D62E6C14C48C8709176F7031 /* Anger_Dingel.gpx in Resources */,
				D62E6B0B546816A6B7559340 /* Arzt_Funke_Dingel.gpx in Resources */,
			);
			runOnlyForDeploymentPostprocessing = 0;
		};
/* End PBXResourcesBuildPhase section */

/* Begin PBXSourcesBuildPhase section */
		8DDB099628CF228100813C80 /* Sources */ = {
			isa = PBXSourcesBuildPhase;
			buildActionMask = 2147483647;
			files = (
				8DDB099E28CF228100813C80 /* AppDelegate.swift in Sources */,
				8DDB09A028CF228100813C80 /* SceneDelegate.swift in Sources */,
				8DDB09A228CF228100813C80 /* ContentView.swift in Sources */,
				D62E633849BFF3F3D9E27FA8 /* README.md in Sources */,
			);
			runOnlyForDeploymentPostprocessing = 0;
		};
		8DDB09AC28CF228600813C80 /* Sources */ = {
			isa = PBXSourcesBuildPhase;
			buildActionMask = 2147483647;
			files = (
				8DDB09B528CF228600813C80 /* NicosTestUITests.swift in Sources */,
			);
			runOnlyForDeploymentPostprocessing = 0;
		};
/* End PBXSourcesBuildPhase section */

/* Begin PBXTargetDependency section */
		8DDB09B228CF228600813C80 /* PBXTargetDependency */ = {
			isa = PBXTargetDependency;
			target = 8DDB099928CF228100813C80 /* NicosTest */;
			targetProxy = 8DDB09B128CF228600813C80 /* PBXContainerItemProxy */;
		};
/* End PBXTargetDependency section */

/* Begin PBXVariantGroup section */
		8DDB09A828CF228500813C80 /* LaunchScreen.storyboard */ = {
			isa = PBXVariantGroup;
			children = (
				8DDB09A928CF228500813C80 /* Base */,
			);
			name = LaunchScreen.storyboard;
			sourceTree = "<group>";
		};
/* End PBXVariantGroup section */

/* Begin XCBuildConfiguration section */
		8DDB09B728CF228600813C80 /* Debug */ = {
			isa = XCBuildConfiguration;
			buildSettings = {
				ALWAYS_SEARCH_USER_PATHS = NO;
				CLANG_ANALYZER_NONNULL = YES;
				CLANG_ANALYZER_NUMBER_OBJECT_CONVERSION = YES_AGGRESSIVE;
				CLANG_CXX_LANGUAGE_STANDARD = "gnu++14";
				CLANG_CXX_LIBRARY = "libc++";
				CLANG_ENABLE_MODULES = YES;
				CLANG_ENABLE_OBJC_ARC = YES;
				CLANG_ENABLE_OBJC_WEAK = YES;
				CLANG_WARN_BLOCK_CAPTURE_AUTORELEASING = YES;
				CLANG_WARN_BOOL_CONVERSION = YES;
				CLANG_WARN_COMMA = YES;
				CLANG_WARN_CONSTANT_CONVERSION = YES;
				CLANG_WARN_DEPRECATED_OBJC_IMPLEMENTATIONS = YES;
				CLANG_WARN_DIRECT_OBJC_ISA_USAGE = YES_ERROR;
				CLANG_WARN_DOCUMENTATION_COMMENTS = YES;
				CLANG_WARN_EMPTY_BODY = YES;
				CLANG_WARN_ENUM_CONVERSION = YES;
				CLANG_WARN_INFINITE_RECURSION = YES;
				CLANG_WARN_INT_CONVERSION = YES;
				CLANG_WARN_NON_LITERAL_NULL_CONVERSION = YES;
				CLANG_WARN_OBJC_IMPLICIT_RETAIN_SELF = YES;
				CLANG_WARN_OBJC_LITERAL_CONVERSION = YES;
				CLANG_WARN_OBJC_ROOT_CLASS = YES_ERROR;
				CLANG_WARN_RANGE_LOOP_ANALYSIS = YES;
				CLANG_WARN_STRICT_PROTOTYPES = YES;
				CLANG_WARN_SUSPICIOUS_MOVE = YES;
				CLANG_WARN_UNGUARDED_AVAILABILITY = YES_AGGRESSIVE;
				CLANG_WARN_UNREACHABLE_CODE = YES;
				CLANG_WARN__DUPLICATE_METHOD_MATCH = YES;
				COPY_PHASE_STRIP = NO;
				DEBUG_INFORMATION_FORMAT = dwarf;
				ENABLE_STRICT_OBJC_MSGSEND = YES;
				ENABLE_TESTABILITY = YES;
				GCC_C_LANGUAGE_STANDARD = gnu11;
				GCC_DYNAMIC_NO_PIC = NO;
				GCC_NO_COMMON_BLOCKS = YES;
				GCC_OPTIMIZATION_LEVEL = 0;
				GCC_PREPROCESSOR_DEFINITIONS = (
					"DEBUG=1",
					"$(inherited)",
				);
				GCC_WARN_64_TO_32_BIT_CONVERSION = YES;
				GCC_WARN_ABOUT_RETURN_TYPE = YES_ERROR;
				GCC_WARN_UNDECLARED_SELECTOR = YES;
				GCC_WARN_UNINITIALIZED_AUTOS = YES_AGGRESSIVE;
				GCC_WARN_UNUSED_FUNCTION = YES;
				GCC_WARN_UNUSED_VARIABLE = YES;
				IPHONEOS_DEPLOYMENT_TARGET = 15.2;
				MTL_ENABLE_DEBUG_INFO = INCLUDE_SOURCE;
				MTL_FAST_MATH = YES;
				ONLY_ACTIVE_ARCH = YES;
				SDKROOT = iphoneos;
				SWIFT_ACTIVE_COMPILATION_CONDITIONS = DEBUG;
				SWIFT_OPTIMIZATION_LEVEL = "-Onone";
			};
			name = Debug;
		};
		8DDB09B828CF228600813C80 /* Release */ = {
			isa = XCBuildConfiguration;
			buildSettings = {
				ALWAYS_SEARCH_USER_PATHS = NO;
				CLANG_ANALYZER_NONNULL = YES;
				CLANG_ANALYZER_NUMBER_OBJECT_CONVERSION = YES_AGGRESSIVE;
				CLANG_CXX_LANGUAGE_STANDARD = "gnu++14";
				CLANG_CXX_LIBRARY = "libc++";
				CLANG_ENABLE_MODULES = YES;
				CLANG_ENABLE_OBJC_ARC = YES;
				CLANG_ENABLE_OBJC_WEAK = YES;
				CLANG_WARN_BLOCK_CAPTURE_AUTORELEASING = YES;
				CLANG_WARN_BOOL_CONVERSION = YES;
				CLANG_WARN_COMMA = YES;
				CLANG_WARN_CONSTANT_CONVERSION = YES;
				CLANG_WARN_DEPRECATED_OBJC_IMPLEMENTATIONS = YES;
				CLANG_WARN_DIRECT_OBJC_ISA_USAGE = YES_ERROR;
				CLANG_WARN_DOCUMENTATION_COMMENTS = YES;
				CLANG_WARN_EMPTY_BODY = YES;
				CLANG_WARN_ENUM_CONVERSION = YES;
				CLANG_WARN_INFINITE_RECURSION = YES;
				CLANG_WARN_INT_CONVERSION = YES;
				CLANG_WARN_NON_LITERAL_NULL_CONVERSION = YES;
				CLANG_WARN_OBJC_IMPLICIT_RETAIN_SELF = YES;
				CLANG_WARN_OBJC_LITERAL_CONVERSION = YES;
				CLANG_WARN_OBJC_ROOT_CLASS = YES_ERROR;
				CLANG_WARN_RANGE_LOOP_ANALYSIS = YES;
				CLANG_WARN_STRICT_PROTOTYPES = YES;
				CLANG_WARN_SUSPICIOUS_MOVE = YES;
				CLANG_WARN_UNGUARDED_AVAILABILITY = YES_AGGRESSIVE;
				CLANG_WARN_UNREACHABLE_CODE = YES;
				CLANG_WARN__DUPLICATE_METHOD_MATCH = YES;
				COPY_PHASE_STRIP = NO;
				DEBUG_INFORMATION_FORMAT = "dwarf-with-dsym";
				ENABLE_NS_ASSERTIONS = NO;
				ENABLE_STRICT_OBJC_MSGSEND = YES;
				GCC_C_LANGUAGE_STANDARD = gnu11;
				GCC_NO_COMMON_BLOCKS = YES;
				GCC_WARN_64_TO_32_BIT_CONVERSION = YES;
				GCC_WARN_ABOUT_RETURN_TYPE = YES_ERROR;
				GCC_WARN_UNDECLARED_SELECTOR = YES;
				GCC_WARN_UNINITIALIZED_AUTOS = YES_AGGRESSIVE;
				GCC_WARN_UNUSED_FUNCTION = YES;
				GCC_WARN_UNUSED_VARIABLE = YES;
				IPHONEOS_DEPLOYMENT_TARGET = 15.2;
				MTL_ENABLE_DEBUG_INFO = NO;
				MTL_FAST_MATH = YES;
				SDKROOT = iphoneos;
				SWIFT_COMPILATION_MODE = wholemodule;
				SWIFT_OPTIMIZATION_LEVEL = "-O";
				VALIDATE_PRODUCT = YES;
			};
			name = Release;
		};
		8DDB09BA28CF228600813C80 /* Debug */ = {
			isa = XCBuildConfiguration;
			buildSettings = {
				ASSETCATALOG_COMPILER_APPICON_NAME = AppIcon;
				CODE_SIGN_IDENTITY = "Apple Development";
				CODE_SIGN_STYLE = Automatic;
				DEVELOPMENT_ASSET_PATHS = "\"NicosTest/Preview Content\"";
				DEVELOPMENT_TEAM = UGS49B36CG;
				ENABLE_PREVIEWS = YES;
				INFOPLIST_FILE = NicosTest/Info.plist;
				LD_RUNPATH_SEARCH_PATHS = (
					"$(inherited)",
					"@executable_path/Frameworks",
				);
				PRODUCT_BUNDLE_IDENTIFIER = NSC.NicosTest;
				PRODUCT_NAME = "$(TARGET_NAME)";
				PROVISIONING_PROFILE_SPECIFIER = "";
				SWIFT_VERSION = 5.0;
				TARGETED_DEVICE_FAMILY = "1,2";
			};
			name = Debug;
		};
		8DDB09BB28CF228600813C80 /* Release */ = {
			isa = XCBuildConfiguration;
			buildSettings = {
				ASSETCATALOG_COMPILER_APPICON_NAME = AppIcon;
				CODE_SIGN_IDENTITY = "Apple Development";
				CODE_SIGN_STYLE = Automatic;
				DEVELOPMENT_ASSET_PATHS = "\"NicosTest/Preview Content\"";
				DEVELOPMENT_TEAM = UGS49B36CG;
				ENABLE_PREVIEWS = YES;
				INFOPLIST_FILE = NicosTest/Info.plist;
				LD_RUNPATH_SEARCH_PATHS = (
					"$(inherited)",
					"@executable_path/Frameworks",
				);
				PRODUCT_BUNDLE_IDENTIFIER = NSC.NicosTest;
				PRODUCT_NAME = "$(TARGET_NAME)";
				PROVISIONING_PROFILE_SPECIFIER = "";
				SWIFT_VERSION = 5.0;
				TARGETED_DEVICE_FAMILY = "1,2";
			};
			name = Release;
		};
		8DDB09BD28CF228600813C80 /* Debug */ = {
			isa = XCBuildConfiguration;
			buildSettings = {
				ALWAYS_EMBED_SWIFT_STANDARD_LIBRARIES = YES;
				CODE_SIGN_STYLE = Automatic;
				INFOPLIST_FILE = NicosTestUITests/Info.plist;
				LD_RUNPATH_SEARCH_PATHS = (
					"$(inherited)",
					"@executable_path/Frameworks",
					"@loader_path/Frameworks",
				);
				PRODUCT_BUNDLE_IDENTIFIER = NSC.NicosTestUITests;
				PRODUCT_NAME = "$(TARGET_NAME)";
				SWIFT_VERSION = 5.0;
				TARGETED_DEVICE_FAMILY = "1,2";
				TEST_TARGET_NAME = NicosTest;
			};
			name = Debug;
		};
		8DDB09BE28CF228600813C80 /* Release */ = {
			isa = XCBuildConfiguration;
			buildSettings = {
				ALWAYS_EMBED_SWIFT_STANDARD_LIBRARIES = YES;
				CODE_SIGN_STYLE = Automatic;
				INFOPLIST_FILE = NicosTestUITests/Info.plist;
				LD_RUNPATH_SEARCH_PATHS = (
					"$(inherited)",
					"@executable_path/Frameworks",
					"@loader_path/Frameworks",
				);
				PRODUCT_BUNDLE_IDENTIFIER = NSC.NicosTestUITests;
				PRODUCT_NAME = "$(TARGET_NAME)";
				SWIFT_VERSION = 5.0;
				TARGETED_DEVICE_FAMILY = "1,2";
				TEST_TARGET_NAME = NicosTest;
			};
			name = Release;
		};
/* End XCBuildConfiguration section */

/* Begin XCConfigurationList section */
		8DDB099528CF228100813C80 /* Build configuration list for PBXProject "NicosTest" */ = {
			isa = XCConfigurationList;
			buildConfigurations = (
				8DDB09B728CF228600813C80 /* Debug */,
				8DDB09B828CF228600813C80 /* Release */,
			);
			defaultConfigurationIsVisible = 0;
			defaultConfigurationName = Release;
		};
		8DDB09B928CF228600813C80 /* Build configuration list for PBXNativeTarget "NicosTest" */ = {
			isa = XCConfigurationList;
			buildConfigurations = (
				8DDB09BA28CF228600813C80 /* Debug */,
				8DDB09BB28CF228600813C80 /* Release */,
			);
			defaultConfigurationIsVisible = 0;
			defaultConfigurationName = Release;
		};
		8DDB09BC28CF228600813C80 /* Build configuration list for PBXNativeTarget "NicosTestUITests" */ = {
			isa = XCConfigurationList;
			buildConfigurations = (
				8DDB09BD28CF228600813C80 /* Debug */,
				8DDB09BE28CF228600813C80 /* Release */,
			);
			defaultConfigurationIsVisible = 0;
			defaultConfigurationName = Release;
		};
/* End XCConfigurationList section */
	};
	rootObject = 8DDB099228CF228100813C80 /* Project object */;
}
